PODS:
  - DTCoreText (1.6.17):
    - DTFoundation/Core (~> 1.7.5)
    - DTFoundation/DTAnimatedGIF (~> 1.7.5)
    - DTFoundation/DTHTMLParser (~> 1.7.5)
    - DTFoundation/UIKit (~> 1.7.5)
  - DTFoundation/Core (1.7.10)
  - DTFoundation/DTAnimatedGIF (1.7.10)
  - DTFoundation/DTHTMLParser (1.7.10):
    - DTFoundation/Core
  - DTFoundation/UIKit (1.7.10):
    - DTFoundation/Core
  - REFormattedNumberField (1.1.6)
  - RETableViewManager (1.5.14):
    - REFormattedNumberField (~> 1.1.5)
    - REValidation (~> 0.1.4)
  - REValidation (0.1.4)

DEPENDENCIES:
  - DTCoreText (~> 1.6.14)
  - RETableViewManager (~> 1.5.14)

SPEC CHECKSUMS:
  DTCoreText: 3ea8bba23dd2141ba18adb227a7dd33a822df1c4
  DTFoundation: 3b6b1b817d2a7fb02e7eaf2596c922a68145bd43
  REFormattedNumberField: 70fc5fb1218ebd5ee9983820defd12806d5c6ec6
  RETableViewManager: 317f43f31c0a5818c6257cb7544167819a8ae170
  REValidation: 38c4de1be58455f8b00aab208ac80db316a66b7f

COCOAPODS: 0.39.0
